
Microsoft Visual Studio Solution File, Format Version 12.00
# Visual Studio Version 17
VisualStudioVersion = 17.14.36414.22
MinimumVisualStudioVersion = 10.0.40219.1
Project("{FAE04EC0-301F-11D3-BF4B-00C04F79EFBC}") = "library", "library\library.csproj", "{8269518D-77C4-4C7B-8BBB-4DA0569333E2}"
EndProject
Global
	GlobalSection(SolutionConfigurationPlatforms) = preSolution
		Debug|Any CPU = Debug|Any CPU
		Release|Any CPU = Release|Any CPU
	EndGlobalSection
	GlobalSection(ProjectConfigurationPlatforms) = postSolution
		{8269518D-77C4-4C7B-8BBB-4DA0569333E2}.Debug|Any CPU.ActiveCfg = Debug|Any CPU
		{8269518D-77C4-4C7B-8BBB-4DA0569333E2}.Debug|Any CPU.Build.0 = Debug|Any CPU
		{8269518D-77C4-4C7B-8BBB-4DA0569333E2}.Release|Any CPU.ActiveCfg = Release|Any CPU
		{8269518D-77C4-4C7B-8BBB-4DA0569333E2}.Release|Any CPU.Build.0 = Release|Any CPU
	EndGlobalSection
	GlobalSection(SolutionProperties) = preSolution
		HideSolutionNode = FALSE
	EndGlobalSection
	GlobalSection(ExtensibilityGlobals) = postSolution
		SolutionGuid = {6F6FF1DA-6DBC-47B1-B190-E75966F8B26B}
	EndGlobalSection
EndGlobal
